
Microsoft Visual Studio Solution File, Format Version 12.00
# Visual Studio Version 17
VisualStudioVersion = 17.11.35303.130
MinimumVisualStudioVersion = 10.0.40219.1
Project("{9A19103F-16F7-4668-BE54-9A1E7A4F7556}") = "fc-test-task", "fc-test-task.csproj", "{CCE5147B-FED3-476C-9367-9C5998DF9E50}"
EndProject
Project("{FAE04EC0-301F-11D3-BF4B-00C04F79EFBC}") = "fc-test-task.tests", "..\fc-test-task.tests\fc-test-task.tests.csproj", "{AB1C33EB-8E47-41A3-9C4A-00C9986A5786}"
EndProject
Global
	GlobalSection(SolutionConfigurationPlatforms) = preSolution
		Debug|Any CPU = Debug|Any CPU
		Release|Any CPU = Release|Any CPU
	EndGlobalSection
	GlobalSection(ProjectConfigurationPlatforms) = postSolution
		{CCE5147B-FED3-476C-9367-9C5998DF9E50}.Debug|Any CPU.ActiveCfg = Debug|Any CPU
		{CCE5147B-FED3-476C-9367-9C5998DF9E50}.Debug|Any CPU.Build.0 = Debug|Any CPU
		{CCE5147B-FED3-476C-9367-9C5998DF9E50}.Release|Any CPU.ActiveCfg = Release|Any CPU
		{CCE5147B-FED3-476C-9367-9C5998DF9E50}.Release|Any CPU.Build.0 = Release|Any CPU
		{AB1C33EB-8E47-41A3-9C4A-00C9986A5786}.Debug|Any CPU.ActiveCfg = Debug|Any CPU
		{AB1C33EB-8E47-41A3-9C4A-00C9986A5786}.Debug|Any CPU.Build.0 = Debug|Any CPU
		{AB1C33EB-8E47-41A3-9C4A-00C9986A5786}.Release|Any CPU.ActiveCfg = Release|Any CPU
		{AB1C33EB-8E47-41A3-9C4A-00C9986A5786}.Release|Any CPU.Build.0 = Release|Any CPU
	EndGlobalSection
	GlobalSection(SolutionProperties) = preSolution
		HideSolutionNode = FALSE
	EndGlobalSection
	GlobalSection(ExtensibilityGlobals) = postSolution
		SolutionGuid = {4FB431BE-AF29-43A5-A3CC-ABE2D5CFBF0E}
	EndGlobalSection
EndGlobal
